// !$*UTF8*$!
{
	archiveVersion = 1;
	classes = {
	};
	objectVersion = 56;
	objects = {

/* Begin PBXBuildFile section */
		3F9C8B072985E5370041E15C /* CookcademyApp.swift in Sources */ = {isa = PBXBuildFile; fileRef = 3F9C8B062985E5370041E15C /* CookcademyApp.swift */; };
		3F9C8B092985E5370041E15C /* RecipesListView.swift in Sources */ = {isa = PBXBuildFile; fileRef = 3F9C8B082985E5370041E15C /* RecipesListView.swift */; };
		3F9C8B0B2985E5380041E15C /* Assets.xcassets in Resources */ = {isa = PBXBuildFile; fileRef = 3F9C8B0A2985E5380041E15C /* Assets.xcassets */; };
		3F9C8B0E2985E5380041E15C /* Preview Assets.xcassets in Resources */ = {isa = PBXBuildFile; fileRef = 3F9C8B0D2985E5380041E15C /* Preview Assets.xcassets */; };
		3F9C8B182985E7930041E15C /* Recipe.swift in Sources */ = {isa = PBXBuildFile; fileRef = 3F9C8B172985E7930041E15C /* Recipe.swift */; };
		3F9C8B3829861C030041E15C /* RecipeData.swift in Sources */ = {isa = PBXBuildFile; fileRef = 3F9C8B3729861C030041E15C /* RecipeData.swift */; };
		3F9C8B3C298629160041E15C /* RecipeDetailView.swift in Sources */ = {isa = PBXBuildFile; fileRef = 3F9C8B3B298629160041E15C /* RecipeDetailView.swift */; };
		3F9C8B3E29863B320041E15C /* AppColor.swift in Sources */ = {isa = PBXBuildFile; fileRef = 3F9C8B3D29863B320041E15C /* AppColor.swift */; };
		3F9C8B5A2987E8D90041E15C /* RecipeCategoryGridView.swift in Sources */ = {isa = PBXBuildFile; fileRef = 3F9C8B592987E8D90041E15C /* RecipeCategoryGridView.swift */; };
		3F9C8B78298955870041E15C /* ModifyRecipeView.swift in Sources */ = {isa = PBXBuildFile; fileRef = 3F9C8B77298955870041E15C /* ModifyRecipeView.swift */; };
		3F9C8B94299681820041E15C /* ModifyMainInformationView.swift in Sources */ = {isa = PBXBuildFile; fileRef = 3F9C8B93299681820041E15C /* ModifyMainInformationView.swift */; };
/* End PBXBuildFile section */

/* Begin PBXFileReference section */
		3F9C8B032985E5370041E15C /* Cookcademy.app */ = {isa = PBXFileReference; explicitFileType = wrapper.application; includeInIndex = 0; path = Cookcademy.app; sourceTree = BUILT_PRODUCTS_DIR; };
		3F9C8B062985E5370041E15C /* CookcademyApp.swift */ = {isa = PBXFileReference; lastKnownFileType = sourcecode.swift; path = CookcademyApp.swift; sourceTree = "<group>"; };
		3F9C8B082985E5370041E15C /* RecipesListView.swift */ = {isa = PBXFileReference; lastKnownFileType = sourcecode.swift; path = RecipesListView.swift; sourceTree = "<group>"; };
		3F9C8B0A2985E5380041E15C /* Assets.xcassets */ = {isa = PBXFileReference; lastKnownFileType = folder.assetcatalog; path = Assets.xcassets; sourceTree = "<group>"; };
		3F9C8B0D2985E5380041E15C /* Preview Assets.xcassets */ = {isa = PBXFileReference; lastKnownFileType = folder.assetcatalog; path = "Preview Assets.xcassets"; sourceTree = "<group>"; };
		3F9C8B172985E7930041E15C /* Recipe.swift */ = {isa = PBXFileReference; lastKnownFileType = sourcecode.swift; path = Recipe.swift; sourceTree = "<group>"; };
		3F9C8B3729861C030041E15C /* RecipeData.swift */ = {isa = PBXFileReference; lastKnownFileType = sourcecode.swift; path = RecipeData.swift; sourceTree = "<group>"; };
		3F9C8B3B298629160041E15C /* RecipeDetailView.swift */ = {isa = PBXFileReference; lastKnownFileType = sourcecode.swift; path = RecipeDetailView.swift; sourceTree = "<group>"; };
		3F9C8B3D29863B320041E15C /* AppColor.swift */ = {isa = PBXFileReference; lastKnownFileType = sourcecode.swift; path = AppColor.swift; sourceTree = "<group>"; };
		3F9C8B592987E8D90041E15C /* RecipeCategoryGridView.swift */ = {isa = PBXFileReference; lastKnownFileType = sourcecode.swift; path = RecipeCategoryGridView.swift; sourceTree = "<group>"; };
		3F9C8B77298955870041E15C /* ModifyRecipeView.swift */ = {isa = PBXFileReference; lastKnownFileType = sourcecode.swift; path = ModifyRecipeView.swift; sourceTree = "<group>"; };
		3F9C8B93299681820041E15C /* ModifyMainInformationView.swift */ = {isa = PBXFileReference; lastKnownFileType = sourcecode.swift; path = ModifyMainInformationView.swift; sourceTree = "<group>"; };
/* End PBXFileReference section */

/* Begin PBXFrameworksBuildPhase section */
		3F9C8B002985E5370041E15C /* Frameworks */ = {
			isa = PBXFrameworksBuildPhase;
			buildActionMask = 2147483647;
			files = (
			);
			runOnlyForDeploymentPostprocessing = 0;
		};
/* End PBXFrameworksBuildPhase section */

/* Begin PBXGroup section */
		3F9C8AFA2985E5370041E15C = {
			isa = PBXGroup;
			children = (
				3F9C8B052985E5370041E15C /* Cookcademy */,
				3F9C8B042985E5370041E15C /* Products */,
			);
			sourceTree = "<group>";
		};
		3F9C8B042985E5370041E15C /* Products */ = {
			isa = PBXGroup;
			children = (
				3F9C8B032985E5370041E15C /* Cookcademy.app */,
			);
			name = Products;
			sourceTree = "<group>";
		};
		3F9C8B052985E5370041E15C /* Cookcademy */ = {
			isa = PBXGroup;
			children = (
				3F9C8B36298618550041E15C /* ViewModels */,
				3F9C8B352986182F0041E15C /* Views */,
				3F9C8B342986181C0041E15C /* Models */,
				3F9C8B062985E5370041E15C /* CookcademyApp.swift */,
				3F9C8B0A2985E5380041E15C /* Assets.xcassets */,
				3F9C8B0C2985E5380041E15C /* Preview Content */,
			);
			path = Cookcademy;
			sourceTree = "<group>";
		};
		3F9C8B0C2985E5380041E15C /* Preview Content */ = {
			isa = PBXGroup;
			children = (
				3F9C8B0D2985E5380041E15C /* Preview Assets.xcassets */,
			);
			path = "Preview Content";
			sourceTree = "<group>";
		};
		3F9C8B342986181C0041E15C /* Models */ = {
			isa = PBXGroup;
			children = (
				3F9C8B172985E7930041E15C /* Recipe.swift */,
			);
			name = Models;
			path = ../Models;
			sourceTree = "<group>";
		};
		3F9C8B352986182F0041E15C /* Views */ = {
			isa = PBXGroup;
			children = (
				3F9C8B76298955290041E15C /* ModifyRecipes */,
				3F9C8B752989550C0041E15C /* ExploreRecipes */,
			);
			path = Views;
			sourceTree = "<group>";
		};
		3F9C8B36298618550041E15C /* ViewModels */ = {
			isa = PBXGroup;
			children = (
				3F9C8B3729861C030041E15C /* RecipeData.swift */,
				3F9C8B3D29863B320041E15C /* AppColor.swift */,
			);
			path = ViewModels;
			sourceTree = "<group>";
		};
		3F9C8B752989550C0041E15C /* ExploreRecipes */ = {
			isa = PBXGroup;
			children = (
				3F9C8B082985E5370041E15C /* RecipesListView.swift */,
				3F9C8B3B298629160041E15C /* RecipeDetailView.swift */,
				3F9C8B592987E8D90041E15C /* RecipeCategoryGridView.swift */,
			);
			path = ExploreRecipes;
			sourceTree = "<group>";
		};
		3F9C8B76298955290041E15C /* ModifyRecipes */ = {
			isa = PBXGroup;
			children = (
				3F9C8B77298955870041E15C /* ModifyRecipeView.swift */,
				3F9C8B93299681820041E15C /* ModifyMainInformationView.swift */,
			);
			path = ModifyRecipes;
			sourceTree = "<group>";
		};
/* End PBXGroup section */

/* Begin PBXNativeTarget section */
		3F9C8B022985E5370041E15C /* Cookcademy */ = {
			isa = PBXNativeTarget;
			buildConfigurationList = 3F9C8B112985E5380041E15C /* Build configuration list for PBXNativeTarget "Cookcademy" */;
			buildPhases = (
				3F9C8AFF2985E5370041E15C /* Sources */,
				3F9C8B002985E5370041E15C /* Frameworks */,
				3F9C8B012985E5370041E15C /* Resources */,
			);
			buildRules = (
			);
			dependencies = (
			);
			name = Cookcademy;
			productName = Cookcademy;
			productReference = 3F9C8B032985E5370041E15C /* Cookcademy.app */;
			productType = "com.apple.product-type.application";
		};
/* End PBXNativeTarget section */

/* Begin PBXProject section */
		3F9C8AFB2985E5370041E15C /* Project object */ = {
			isa = PBXProject;
			attributes = {
				BuildIndependentTargetsInParallel = 1;
				LastSwiftUpdateCheck = 1420;
				LastUpgradeCheck = 1420;
				TargetAttributes = {
					3F9C8B022985E5370041E15C = {
						CreatedOnToolsVersion = 14.2;
					};
				};
			};
			buildConfigurationList = 3F9C8AFE2985E5370041E15C /* Build configuration list for PBXProject "Cookcademy" */;
			compatibilityVersion = "Xcode 14.0";
			developmentRegion = en;
			hasScannedForEncodings = 0;
			knownRegions = (
				en,
				Base,
			);
			mainGroup = 3F9C8AFA2985E5370041E15C;
			productRefGroup = 3F9C8B042985E5370041E15C /* Products */;
			projectDirPath = "";
			projectRoot = "";
			targets = (
				3F9C8B022985E5370041E15C /* Cookcademy */,
			);
		};
/* End PBXProject section */

/* Begin PBXResourcesBuildPhase section */
		3F9C8B012985E5370041E15C /* Resources */ = {
			isa = PBXResourcesBuildPhase;
			buildActionMask = 2147483647;
			files = (
				3F9C8B0E2985E5380041E15C /* Preview Assets.xcassets in Resources */,
				3F9C8B0B2985E5380041E15C /* Assets.xcassets in Resources */,
			);
			runOnlyForDeploymentPostprocessing = 0;
		};
/* End PBXResourcesBuildPhase section */

/* Begin PBXSourcesBuildPhase section */
		3F9C8AFF2985E5370041E15C /* Sources */ = {
			isa = PBXSourcesBuildPhase;
			buildActionMask = 2147483647;
			files = (
				3F9C8B5A2987E8D90041E15C /* RecipeCategoryGridView.swift in Sources */,
				3F9C8B182985E7930041E15C /* Recipe.swift in Sources */,
				3F9C8B3C298629160041E15C /* RecipeDetailView.swift in Sources */,
				3F9C8B3829861C030041E15C /* RecipeData.swift in Sources */,
				3F9C8B78298955870041E15C /* ModifyRecipeView.swift in Sources */,
				3F9C8B092985E5370041E15C /* RecipesListView.swift in Sources */,
				3F9C8B072985E5370041E15C /* CookcademyApp.swift in Sources */,
				3F9C8B94299681820041E15C /* ModifyMainInformationView.swift in Sources */,
				3F9C8B3E29863B320041E15C /* AppColor.swift in Sources */,
			);
			runOnlyForDeploymentPostprocessing = 0;
		};
/* End PBXSourcesBuildPhase section */

/* Begin XCBuildConfiguration section */
		3F9C8B0F2985E5380041E15C /* Debug */ = {
			isa = XCBuildConfiguration;
			buildSettings = {
				ALWAYS_SEARCH_USER_PATHS = NO;
				CLANG_ANALYZER_NONNULL = YES;
				CLANG_ANALYZER_NUMBER_OBJECT_CONVERSION = YES_AGGRESSIVE;
				CLANG_CXX_LANGUAGE_STANDARD = "gnu++20";
				CLANG_ENABLE_MODULES = YES;
				CLANG_ENABLE_OBJC_ARC = YES;
				CLANG_ENABLE_OBJC_WEAK = YES;
				CLANG_WARN_BLOCK_CAPTURE_AUTORELEASING = YES;
				CLANG_WARN_BOOL_CONVERSION = YES;
				CLANG_WARN_COMMA = YES;
				CLANG_WARN_CONSTANT_CONVERSION = YES;
				CLANG_WARN_DEPRECATED_OBJC_IMPLEMENTATIONS = YES;
				CLANG_WARN_DIRECT_OBJC_ISA_USAGE = YES_ERROR;
				CLANG_WARN_DOCUMENTATION_COMMENTS = YES;
				CLANG_WARN_EMPTY_BODY = YES;
				CLANG_WARN_ENUM_CONVERSION = YES;
				CLANG_WARN_INFINITE_RECURSION = YES;
				CLANG_WARN_INT_CONVERSION = YES;
				CLANG_WARN_NON_LITERAL_NULL_CONVERSION = YES;
				CLANG_WARN_OBJC_IMPLICIT_RETAIN_SELF = YES;
				CLANG_WARN_OBJC_LITERAL_CONVERSION = YES;
				CLANG_WARN_OBJC_ROOT_CLASS = YES_ERROR;
				CLANG_WARN_QUOTED_INCLUDE_IN_FRAMEWORK_HEADER = YES;
				CLANG_WARN_RANGE_LOOP_ANALYSIS = YES;
				CLANG_WARN_STRICT_PROTOTYPES = YES;
				CLANG_WARN_SUSPICIOUS_MOVE = YES;
				CLANG_WARN_UNGUARDED_AVAILABILITY = YES_AGGRESSIVE;
				CLANG_WARN_UNREACHABLE_CODE = YES;
				CLANG_WARN__DUPLICATE_METHOD_MATCH = YES;
				COPY_PHASE_STRIP = NO;
				DEBUG_INFORMATION_FORMAT = dwarf;
				ENABLE_STRICT_OBJC_MSGSEND = YES;
				ENABLE_TESTABILITY = YES;
				GCC_C_LANGUAGE_STANDARD = gnu11;
				GCC_DYNAMIC_NO_PIC = NO;
				GCC_NO_COMMON_BLOCKS = YES;
				GCC_OPTIMIZATION_LEVEL = 0;
				GCC_PREPROCESSOR_DEFINITIONS = (
					"DEBUG=1",
					"$(inherited)",
				);
				GCC_WARN_64_TO_32_BIT_CONVERSION = YES;
				GCC_WARN_ABOUT_RETURN_TYPE = YES_ERROR;
				GCC_WARN_UNDECLARED_SELECTOR = YES;
				GCC_WARN_UNINITIALIZED_AUTOS = YES_AGGRESSIVE;
				GCC_WARN_UNUSED_FUNCTION = YES;
				GCC_WARN_UNUSED_VARIABLE = YES;
				IPHONEOS_DEPLOYMENT_TARGET = 16.2;
				MTL_ENABLE_DEBUG_INFO = INCLUDE_SOURCE;
				MTL_FAST_MATH = YES;
				ONLY_ACTIVE_ARCH = YES;
				SDKROOT = iphoneos;
				SWIFT_ACTIVE_COMPILATION_CONDITIONS = DEBUG;
				SWIFT_OPTIMIZATION_LEVEL = "-Onone";
			};
			name = Debug;
		};
		3F9C8B102985E5380041E15C /* Release */ = {
			isa = XCBuildConfiguration;
			buildSettings = {
				ALWAYS_SEARCH_USER_PATHS = NO;
				CLANG_ANALYZER_NONNULL = YES;
				CLANG_ANALYZER_NUMBER_OBJECT_CONVERSION = YES_AGGRESSIVE;
				CLANG_CXX_LANGUAGE_STANDARD = "gnu++20";
				CLANG_ENABLE_MODULES = YES;
				CLANG_ENABLE_OBJC_ARC = YES;
				CLANG_ENABLE_OBJC_WEAK = YES;
				CLANG_WARN_BLOCK_CAPTURE_AUTORELEASING = YES;
				CLANG_WARN_BOOL_CONVERSION = YES;
				CLANG_WARN_COMMA = YES;
				CLANG_WARN_CONSTANT_CONVERSION = YES;
				CLANG_WARN_DEPRECATED_OBJC_IMPLEMENTATIONS = YES;
				CLANG_WARN_DIRECT_OBJC_ISA_USAGE = YES_ERROR;
				CLANG_WARN_DOCUMENTATION_COMMENTS = YES;
				CLANG_WARN_EMPTY_BODY = YES;
				CLANG_WARN_ENUM_CONVERSION = YES;
				CLANG_WARN_INFINITE_RECURSION = YES;
				CLANG_WARN_INT_CONVERSION = YES;
				CLANG_WARN_NON_LITERAL_NULL_CONVERSION = YES;
				CLANG_WARN_OBJC_IMPLICIT_RETAIN_SELF = YES;
				CLANG_WARN_OBJC_LITERAL_CONVERSION = YES;
				CLANG_WARN_OBJC_ROOT_CLASS = YES_ERROR;
				CLANG_WARN_QUOTED_INCLUDE_IN_FRAMEWORK_HEADER = YES;
				CLANG_WARN_RANGE_LOOP_ANALYSIS = YES;
				CLANG_WARN_STRICT_PROTOTYPES = YES;
				CLANG_WARN_SUSPICIOUS_MOVE = YES;
				CLANG_WARN_UNGUARDED_AVAILABILITY = YES_AGGRESSIVE;
				CLANG_WARN_UNREACHABLE_CODE = YES;
				CLANG_WARN__DUPLICATE_METHOD_MATCH = YES;
				COPY_PHASE_STRIP = NO;
				DEBUG_INFORMATION_FORMAT = "dwarf-with-dsym";
				ENABLE_NS_ASSERTIONS = NO;
				ENABLE_STRICT_OBJC_MSGSEND = YES;
				GCC_C_LANGUAGE_STANDARD = gnu11;
				GCC_NO_COMMON_BLOCKS = YES;
				GCC_WARN_64_TO_32_BIT_CONVERSION = YES;
				GCC_WARN_ABOUT_RETURN_TYPE = YES_ERROR;
				GCC_WARN_UNDECLARED_SELECTOR = YES;
				GCC_WARN_UNINITIALIZED_AUTOS = YES_AGGRESSIVE;
				GCC_WARN_UNUSED_FUNCTION = YES;
				GCC_WARN_UNUSED_VARIABLE = YES;
				IPHONEOS_DEPLOYMENT_TARGET = 16.2;
				MTL_ENABLE_DEBUG_INFO = NO;
				MTL_FAST_MATH = YES;
				SDKROOT = iphoneos;
				SWIFT_COMPILATION_MODE = wholemodule;
				SWIFT_OPTIMIZATION_LEVEL = "-O";
				VALIDATE_PRODUCT = YES;
			};
			name = Release;
		};
		3F9C8B122985E5380041E15C /* Debug */ = {
			isa = XCBuildConfiguration;
			buildSettings = {
				ASSETCATALOG_COMPILER_APPICON_NAME = AppIcon;
				ASSETCATALOG_COMPILER_GLOBAL_ACCENT_COLOR_NAME = AccentColor;
				CODE_SIGN_STYLE = Automatic;
				CURRENT_PROJECT_VERSION = 1;
				DEVELOPMENT_ASSET_PATHS = "\"Cookcademy/Preview Content\"";
				ENABLE_PREVIEWS = YES;
				GENERATE_INFOPLIST_FILE = YES;
				INFOPLIST_KEY_UIApplicationSceneManifest_Generation = YES;
				INFOPLIST_KEY_UIApplicationSupportsIndirectInputEvents = YES;
				INFOPLIST_KEY_UILaunchScreen_Generation = YES;
				INFOPLIST_KEY_UISupportedInterfaceOrientations_iPad = "UIInterfaceOrientationPortrait UIInterfaceOrientationPortraitUpsideDown UIInterfaceOrientationLandscapeLeft UIInterfaceOrientationLandscapeRight";
				INFOPLIST_KEY_UISupportedInterfaceOrientations_iPhone = "UIInterfaceOrientationPortrait UIInterfaceOrientationLandscapeLeft UIInterfaceOrientationLandscapeRight";
				LD_RUNPATH_SEARCH_PATHS = (
					"$(inherited)",
					"@executable_path/Frameworks",
				);
				MARKETING_VERSION = 1.0;
				PRODUCT_BUNDLE_IDENTIFIER = com.andy.Cookcademy;
				PRODUCT_NAME = "$(TARGET_NAME)";
				SWIFT_EMIT_LOC_STRINGS = YES;
				SWIFT_VERSION = 5.0;
				TARGETED_DEVICE_FAMILY = "1,2";
			};
			name = Debug;
		};
		3F9C8B132985E5380041E15C /* Release */ = {
			isa = XCBuildConfiguration;
			buildSettings = {
				ASSETCATALOG_COMPILER_APPICON_NAME = AppIcon;
				ASSETCATALOG_COMPILER_GLOBAL_ACCENT_COLOR_NAME = AccentColor;
				CODE_SIGN_STYLE = Automatic;
				CURRENT_PROJECT_VERSION = 1;
				DEVELOPMENT_ASSET_PATHS = "\"Cookcademy/Preview Content\"";
				ENABLE_PREVIEWS = YES;
				GENERATE_INFOPLIST_FILE = YES;
				INFOPLIST_KEY_UIApplicationSceneManifest_Generation = YES;
				INFOPLIST_KEY_UIApplicationSupportsIndirectInputEvents = YES;
				INFOPLIST_KEY_UILaunchScreen_Generation = YES;
				INFOPLIST_KEY_UISupportedInterfaceOrientations_iPad = "UIInterfaceOrientationPortrait UIInterfaceOrientationPortraitUpsideDown UIInterfaceOrientationLandscapeLeft UIInterfaceOrientationLandscapeRight";
				INFOPLIST_KEY_UISupportedInterfaceOrientations_iPhone = "UIInterfaceOrientationPortrait UIInterfaceOrientationLandscapeLeft UIInterfaceOrientationLandscapeRight";
				LD_RUNPATH_SEARCH_PATHS = (
					"$(inherited)",
					"@executable_path/Frameworks",
				);
				MARKETING_VERSION = 1.0;
				PRODUCT_BUNDLE_IDENTIFIER = com.andy.Cookcademy;
				PRODUCT_NAME = "$(TARGET_NAME)";
				SWIFT_EMIT_LOC_STRINGS = YES;
				SWIFT_VERSION = 5.0;
				TARGETED_DEVICE_FAMILY = "1,2";
			};
			name = Release;
		};
/* End XCBuildConfiguration section */

/* Begin XCConfigurationList section */
		3F9C8AFE2985E5370041E15C /* Build configuration list for PBXProject "Cookcademy" */ = {
			isa = XCConfigurationList;
			buildConfigurations = (
				3F9C8B0F2985E5380041E15C /* Debug */,
				3F9C8B102985E5380041E15C /* Release */,
			);
			defaultConfigurationIsVisible = 0;
			defaultConfigurationName = Release;
		};
		3F9C8B112985E5380041E15C /* Build configuration list for PBXNativeTarget "Cookcademy" */ = {
			isa = XCConfigurationList;
			buildConfigurations = (
				3F9C8B122985E5380041E15C /* Debug */,
				3F9C8B132985E5380041E15C /* Release */,
			);
			defaultConfigurationIsVisible = 0;
			defaultConfigurationName = Release;
		};
/* End XCConfigurationList section */
	};
	rootObject = 3F9C8AFB2985E5370041E15C /* Project object */;
}
